{
  "lockfileVersion": 1,
  "workspaces": {
    "": {
      "name": "test-app",
      "dependencies": {
        "is-even": "1.0.0",
        "is-odd": "1.0.0",
        "left-pad": "1.3.0",
      },
    },
  },
  "packages": {
    "is-even": ["is-even@1.0.0", "https://registry.npmjs.org/is-even/-/is-even-1.0.0.tgz", { "dependencies": { "is-odd": "^1.0.0" } }, ""],

    "is-odd": ["is-odd@1.0.0", "https://registry.npmjs.org/is-odd/-/is-odd-1.0.0.tgz", { "dependencies": { "is-even": "^1.0.0" } }, ""],

    "left-pad": ["left-pad@1.3.0", "https://registry.npmjs.org/left-pad/-/left-pad-1.3.0.tgz", {}, ""],
  }
}